
Microsoft Visual Studio Solution File, Format Version 12.00
# Visual Studio Version 17
VisualStudioVersion = 17.8.34511.84
MinimumVisualStudioVersion = 10.0.40219.1
Project("{FAE04EC0-301F-11D3-BF4B-00C04F79EFBC}") = "SRV_1", "SRV_1\SRV_1.csproj", "{A219E6E0-477B-45F1-8662-7DD7540B3C9F}"
EndProject
Global
	GlobalSection(SolutionConfigurationPlatforms) = preSolution
		Debug|Any CPU = Debug|Any CPU
		Release|Any CPU = Release|Any CPU
	EndGlobalSection
	GlobalSection(ProjectConfigurationPlatforms) = postSolution
		{A219E6E0-477B-45F1-8662-7DD7540B3C9F}.Debug|Any CPU.ActiveCfg = Debug|Any CPU
		{A219E6E0-477B-45F1-8662-7DD7540B3C9F}.Debug|Any CPU.Build.0 = Debug|Any CPU
		{A219E6E0-477B-45F1-8662-7DD7540B3C9F}.Release|Any CPU.ActiveCfg = Release|Any CPU
		{A219E6E0-477B-45F1-8662-7DD7540B3C9F}.Release|Any CPU.Build.0 = Release|Any CPU
	EndGlobalSection
	GlobalSection(SolutionProperties) = preSolution
		HideSolutionNode = FALSE
	EndGlobalSection
	GlobalSection(ExtensibilityGlobals) = postSolution
		SolutionGuid = {36F12781-73F1-4F00-AD42-0D9559F78168}
	EndGlobalSection
EndGlobal
